
Microsoft Visual Studio Solution File, Format Version 12.00
# Visual Studio Version 17
VisualStudioVersion = 17.14.36212.18
MinimumVisualStudioVersion = 10.0.40219.1
Project("{FAE04EC0-301F-11D3-BF4B-00C04F79EFBC}") = "PerfUnit", "PerfUnit\PerfUnit.csproj", "{AB1E94A4-3B8D-4B7E-94A5-BD7714183AC2}"
EndProject
Project("{FAE04EC0-301F-11D3-BF4B-00C04F79EFBC}") = "PerfUnit.Test", "PerfUnit.Test\PerfUnit.Test.csproj", "{B9352B96-2FAB-48EE-8F89-DBB0FE1E657A}"
EndProject
Project("{FAE04EC0-301F-11D3-BF4B-00C04F79EFBC}") = "PerfUnit.TestCalculator", "PerfUnit.TestCalculator\PerfUnit.TestCalculator.csproj", "{C1F3CC67-2DCA-46DB-A96F-E2570264935B}"
EndProject
Project("{FAE04EC0-301F-11D3-BF4B-00C04F79EFBC}") = "PerfUnit.SourceGenerators", "PerfUnit.SourceGenerators\PerfUnit.SourceGenerators.csproj", "{2707B5CA-8837-44BC-A84D-38D10C4830EB}"
EndProject
Project("{FAE04EC0-301F-11D3-BF4B-00C04F79EFBC}") = "PerfUnit.SharedStandard", "PerfUnit.SharedStandard\PerfUnit.SharedStandard.csproj", "{C17E9B56-781A-425D-A924-C61B3C3827DB}"
EndProject
Project("{FAE04EC0-301F-11D3-BF4B-00C04F79EFBC}") = "PerfUnit.BenchmarkingTestGrounds", "PerfUnit.BenchmarkingTestGrounds\PerfUnit.BenchmarkingTestGrounds.csproj", "{22F797E7-1A77-40F9-A41C-210FAB0C333E}"
EndProject
Global
	GlobalSection(SolutionConfigurationPlatforms) = preSolution
		Debug|Any CPU = Debug|Any CPU
		Release|Any CPU = Release|Any CPU
	EndGlobalSection
	GlobalSection(ProjectConfigurationPlatforms) = postSolution
		{AB1E94A4-3B8D-4B7E-94A5-BD7714183AC2}.Debug|Any CPU.ActiveCfg = Debug|Any CPU
		{AB1E94A4-3B8D-4B7E-94A5-BD7714183AC2}.Debug|Any CPU.Build.0 = Debug|Any CPU
		{AB1E94A4-3B8D-4B7E-94A5-BD7714183AC2}.Release|Any CPU.ActiveCfg = Release|Any CPU
		{AB1E94A4-3B8D-4B7E-94A5-BD7714183AC2}.Release|Any CPU.Build.0 = Release|Any CPU
		{B9352B96-2FAB-48EE-8F89-DBB0FE1E657A}.Debug|Any CPU.ActiveCfg = Debug|Any CPU
		{B9352B96-2FAB-48EE-8F89-DBB0FE1E657A}.Debug|Any CPU.Build.0 = Debug|Any CPU
		{B9352B96-2FAB-48EE-8F89-DBB0FE1E657A}.Release|Any CPU.ActiveCfg = Release|Any CPU
		{B9352B96-2FAB-48EE-8F89-DBB0FE1E657A}.Release|Any CPU.Build.0 = Release|Any CPU
		{C1F3CC67-2DCA-46DB-A96F-E2570264935B}.Debug|Any CPU.ActiveCfg = Debug|Any CPU
		{C1F3CC67-2DCA-46DB-A96F-E2570264935B}.Debug|Any CPU.Build.0 = Debug|Any CPU
		{C1F3CC67-2DCA-46DB-A96F-E2570264935B}.Release|Any CPU.ActiveCfg = Release|Any CPU
		{C1F3CC67-2DCA-46DB-A96F-E2570264935B}.Release|Any CPU.Build.0 = Release|Any CPU
		{2707B5CA-8837-44BC-A84D-38D10C4830EB}.Debug|Any CPU.ActiveCfg = Debug|Any CPU
		{2707B5CA-8837-44BC-A84D-38D10C4830EB}.Debug|Any CPU.Build.0 = Debug|Any CPU
		{2707B5CA-8837-44BC-A84D-38D10C4830EB}.Release|Any CPU.ActiveCfg = Release|Any CPU
		{2707B5CA-8837-44BC-A84D-38D10C4830EB}.Release|Any CPU.Build.0 = Release|Any CPU
		{C17E9B56-781A-425D-A924-C61B3C3827DB}.Debug|Any CPU.ActiveCfg = Debug|Any CPU
		{C17E9B56-781A-425D-A924-C61B3C3827DB}.Debug|Any CPU.Build.0 = Debug|Any CPU
		{C17E9B56-781A-425D-A924-C61B3C3827DB}.Release|Any CPU.ActiveCfg = Release|Any CPU
		{C17E9B56-781A-425D-A924-C61B3C3827DB}.Release|Any CPU.Build.0 = Release|Any CPU
		{22F797E7-1A77-40F9-A41C-210FAB0C333E}.Debug|Any CPU.ActiveCfg = Debug|Any CPU
		{22F797E7-1A77-40F9-A41C-210FAB0C333E}.Debug|Any CPU.Build.0 = Debug|Any CPU
		{22F797E7-1A77-40F9-A41C-210FAB0C333E}.Release|Any CPU.ActiveCfg = Release|Any CPU
		{22F797E7-1A77-40F9-A41C-210FAB0C333E}.Release|Any CPU.Build.0 = Release|Any CPU
	EndGlobalSection
	GlobalSection(SolutionProperties) = preSolution
		HideSolutionNode = FALSE
	EndGlobalSection
	GlobalSection(ExtensibilityGlobals) = postSolution
		SolutionGuid = {C7F277F8-BA12-42CA-ADFA-81E2594D4E7C}
	EndGlobalSection
EndGlobal
